
Microsoft Visual Studio Solution File, Format Version 12.00
# Visual Studio Version 17
VisualStudioVersion = 17.7.34031.279
MinimumVisualStudioVersion = 10.0.40219.1
Project("{FAE04EC0-301F-11D3-BF4B-00C04F79EFBC}") = "Module16Home", "Module16Home\Module16Home.csproj", "{0421EAC7-0A8C-4C8C-AF4E-477BDCF3CEE8}"
EndProject
Global
	GlobalSection(SolutionConfigurationPlatforms) = preSolution
		Debug|Any CPU = Debug|Any CPU
		Release|Any CPU = Release|Any CPU
	EndGlobalSection
	GlobalSection(ProjectConfigurationPlatforms) = postSolution
		{0421EAC7-0A8C-4C8C-AF4E-477BDCF3CEE8}.Debug|Any CPU.ActiveCfg = Debug|Any CPU
		{0421EAC7-0A8C-4C8C-AF4E-477BDCF3CEE8}.Debug|Any CPU.Build.0 = Debug|Any CPU
		{0421EAC7-0A8C-4C8C-AF4E-477BDCF3CEE8}.Release|Any CPU.ActiveCfg = Release|Any CPU
		{0421EAC7-0A8C-4C8C-AF4E-477BDCF3CEE8}.Release|Any CPU.Build.0 = Release|Any CPU
	EndGlobalSection
	GlobalSection(SolutionProperties) = preSolution
		HideSolutionNode = FALSE
	EndGlobalSection
	GlobalSection(ExtensibilityGlobals) = postSolution
		SolutionGuid = {B8C2E5A3-1EEF-4DCD-AA17-DB5BE3179659}
	EndGlobalSection
EndGlobal
